// !$*UTF8*$!
{
	archiveVersion = 1;
	classes = {
	};
	objectVersion = 56;
	objects = {

/* Begin PBXBuildFile section */
		8B1751162B0377F200C5028D /* ValidatorApp.swift in Sources */ = {isa = PBXBuildFile; fileRef = 8B1751152B0377F200C5028D /* ValidatorApp.swift */; };
		8B17511A2B0377F300C5028D /* Assets.xcassets in Resources */ = {isa = PBXBuildFile; fileRef = 8B1751192B0377F300C5028D /* Assets.xcassets */; };
		8B17511D2B0377F300C5028D /* Preview Assets.xcassets in Resources */ = {isa = PBXBuildFile; fileRef = 8B17511C2B0377F300C5028D /* Preview Assets.xcassets */; };
		8B1751272B0377F300C5028D /* ValidatorTests.swift in Sources */ = {isa = PBXBuildFile; fileRef = 8B1751262B0377F300C5028D /* ValidatorTests.swift */; };
		8B1751312B0377F300C5028D /* ValidatorUITests.swift in Sources */ = {isa = PBXBuildFile; fileRef = 8B1751302B0377F300C5028D /* ValidatorUITests.swift */; };
		8B1751332B0377F300C5028D /* ValidatorUITestsLaunchTests.swift in Sources */ = {isa = PBXBuildFile; fileRef = 8B1751322B0377F300C5028D /* ValidatorUITestsLaunchTests.swift */; };
		8B1751452B037C2700C5028D /* UserInfoView.swift in Sources */ = {isa = PBXBuildFile; fileRef = 8B1751432B037C2700C5028D /* UserInfoView.swift */; };
		8B1751462B037C2700C5028D /* UserInfoViewModel.swift in Sources */ = {isa = PBXBuildFile; fileRef = 8B1751442B037C2700C5028D /* UserInfoViewModel.swift */; };
		8B1751482B037C8C00C5028D /* ValidatorAppDependencies.swift in Sources */ = {isa = PBXBuildFile; fileRef = 8B1751472B037C8C00C5028D /* ValidatorAppDependencies.swift */; };
		8B1751542B037E3A00C5028D /* AppCoordinatorNavigation.swift in Sources */ = {isa = PBXBuildFile; fileRef = 8B1751512B037E3A00C5028D /* AppCoordinatorNavigation.swift */; };
		8B1751552B037E3A00C5028D /* AppCoordinatorViewModel.swift in Sources */ = {isa = PBXBuildFile; fileRef = 8B1751522B037E3A00C5028D /* AppCoordinatorViewModel.swift */; };
		8B1751562B037E3A00C5028D /* AppCoordinator.swift in Sources */ = {isa = PBXBuildFile; fileRef = 8B1751532B037E3A00C5028D /* AppCoordinator.swift */; };
		8B17515E2B037E7400C5028D /* MainCoordinator.swift in Sources */ = {isa = PBXBuildFile; fileRef = 8B17515C2B037E7400C5028D /* MainCoordinator.swift */; };
		8B17515F2B037E7400C5028D /* MainCoordinatorViewModel.swift in Sources */ = {isa = PBXBuildFile; fileRef = 8B17515D2B037E7400C5028D /* MainCoordinatorViewModel.swift */; };
		8B1751632B037F4800C5028D /* LoggerExtension.swift in Sources */ = {isa = PBXBuildFile; fileRef = 8B1751622B037F4800C5028D /* LoggerExtension.swift */; };
		8B17516E2B03869200C5028D /* UserInputViewProvider.swift in Sources */ = {isa = PBXBuildFile; fileRef = 8B17516D2B03869200C5028D /* UserInputViewProvider.swift */; };
		8B1751712B03883B00C5028D /* UserDataType.swift in Sources */ = {isa = PBXBuildFile; fileRef = 8B1751702B03883B00C5028D /* UserDataType.swift */; };
		8B1751782B03890000C5028D /* DateInputView.swift in Sources */ = {isa = PBXBuildFile; fileRef = 8B1751772B03890000C5028D /* DateInputView.swift */; };
		8B17517B2B03890A00C5028D /* IntegerInputView.swift in Sources */ = {isa = PBXBuildFile; fileRef = 8B1751792B03890A00C5028D /* IntegerInputView.swift */; };
		8B17517C2B03890A00C5028D /* StringInputView.swift in Sources */ = {isa = PBXBuildFile; fileRef = 8B17517A2B03890A00C5028D /* StringInputView.swift */; };
		8B17517E2B038BB100C5028D /* UserConfig.swift in Sources */ = {isa = PBXBuildFile; fileRef = 8B17517D2B038BB100C5028D /* UserConfig.swift */; };
		8B1751802B03ADEF00C5028D /* NumberFormatterExtension.swift in Sources */ = {isa = PBXBuildFile; fileRef = 8B17517F2B03ADEF00C5028D /* NumberFormatterExtension.swift */; };
		8B1751822B03AF4E00C5028D /* UserInfo.swift in Sources */ = {isa = PBXBuildFile; fileRef = 8B1751812B03AF4E00C5028D /* UserInfo.swift */; };
		8B1751872B03BF2900C5028D /* Validator.swift in Sources */ = {isa = PBXBuildFile; fileRef = 8B1751862B03BF2900C5028D /* Validator.swift */; };
		8B1751892B03BF4C00C5028D /* NSPredicateExtension.swift in Sources */ = {isa = PBXBuildFile; fileRef = 8B1751882B03BF4C00C5028D /* NSPredicateExtension.swift */; };
		8B17518D2B04CEAB00C5028D /* ValidationMessageView.swift in Sources */ = {isa = PBXBuildFile; fileRef = 8B17518C2B04CEAB00C5028D /* ValidationMessageView.swift */; };
		8B1751922B04ECCD00C5028D /* InputTextfieldModifier.swift in Sources */ = {isa = PBXBuildFile; fileRef = 8B1751912B04ECCD00C5028D /* InputTextfieldModifier.swift */; };
		8B1751982B04ED7B00C5028D /* WelcomeView.swift in Sources */ = {isa = PBXBuildFile; fileRef = 8B1751962B04ED7B00C5028D /* WelcomeView.swift */; };
		8B1751992B04ED7B00C5028D /* WelcomeViewModel.swift in Sources */ = {isa = PBXBuildFile; fileRef = 8B1751972B04ED7B00C5028D /* WelcomeViewModel.swift */; };
/* End PBXBuildFile section */

/* Begin PBXContainerItemProxy section */
		8B1751232B0377F300C5028D /* PBXContainerItemProxy */ = {
			isa = PBXContainerItemProxy;
			containerPortal = 8B17510A2B0377F200C5028D /* Project object */;
			proxyType = 1;
			remoteGlobalIDString = 8B1751112B0377F200C5028D;
			remoteInfo = Validator;
		};
		8B17512D2B0377F300C5028D /* PBXContainerItemProxy */ = {
			isa = PBXContainerItemProxy;
			containerPortal = 8B17510A2B0377F200C5028D /* Project object */;
			proxyType = 1;
			remoteGlobalIDString = 8B1751112B0377F200C5028D;
			remoteInfo = Validator;
		};
/* End PBXContainerItemProxy section */

/* Begin PBXFileReference section */
		8B1751122B0377F200C5028D /* Validator.app */ = {isa = PBXFileReference; explicitFileType = wrapper.application; includeInIndex = 0; path = Validator.app; sourceTree = BUILT_PRODUCTS_DIR; };
		8B1751152B0377F200C5028D /* ValidatorApp.swift */ = {isa = PBXFileReference; lastKnownFileType = sourcecode.swift; path = ValidatorApp.swift; sourceTree = "<group>"; };
		8B1751192B0377F300C5028D /* Assets.xcassets */ = {isa = PBXFileReference; lastKnownFileType = folder.assetcatalog; path = Assets.xcassets; sourceTree = "<group>"; };
		8B17511C2B0377F300C5028D /* Preview Assets.xcassets */ = {isa = PBXFileReference; lastKnownFileType = folder.assetcatalog; path = "Preview Assets.xcassets"; sourceTree = "<group>"; };
		8B1751222B0377F300C5028D /* ValidatorTests.xctest */ = {isa = PBXFileReference; explicitFileType = wrapper.cfbundle; includeInIndex = 0; path = ValidatorTests.xctest; sourceTree = BUILT_PRODUCTS_DIR; };
		8B1751262B0377F300C5028D /* ValidatorTests.swift */ = {isa = PBXFileReference; lastKnownFileType = sourcecode.swift; path = ValidatorTests.swift; sourceTree = "<group>"; };
		8B17512C2B0377F300C5028D /* ValidatorUITests.xctest */ = {isa = PBXFileReference; explicitFileType = wrapper.cfbundle; includeInIndex = 0; path = ValidatorUITests.xctest; sourceTree = BUILT_PRODUCTS_DIR; };
		8B1751302B0377F300C5028D /* ValidatorUITests.swift */ = {isa = PBXFileReference; lastKnownFileType = sourcecode.swift; path = ValidatorUITests.swift; sourceTree = "<group>"; };
		8B1751322B0377F300C5028D /* ValidatorUITestsLaunchTests.swift */ = {isa = PBXFileReference; lastKnownFileType = sourcecode.swift; path = ValidatorUITestsLaunchTests.swift; sourceTree = "<group>"; };
		8B1751432B037C2700C5028D /* UserInfoView.swift */ = {isa = PBXFileReference; lastKnownFileType = sourcecode.swift; path = UserInfoView.swift; sourceTree = "<group>"; };
		8B1751442B037C2700C5028D /* UserInfoViewModel.swift */ = {isa = PBXFileReference; lastKnownFileType = sourcecode.swift; path = UserInfoViewModel.swift; sourceTree = "<group>"; };
		8B1751472B037C8C00C5028D /* ValidatorAppDependencies.swift */ = {isa = PBXFileReference; fileEncoding = 4; lastKnownFileType = sourcecode.swift; path = ValidatorAppDependencies.swift; sourceTree = "<group>"; };
		8B1751512B037E3A00C5028D /* AppCoordinatorNavigation.swift */ = {isa = PBXFileReference; fileEncoding = 4; lastKnownFileType = sourcecode.swift; path = AppCoordinatorNavigation.swift; sourceTree = "<group>"; };
		8B1751522B037E3A00C5028D /* AppCoordinatorViewModel.swift */ = {isa = PBXFileReference; fileEncoding = 4; lastKnownFileType = sourcecode.swift; path = AppCoordinatorViewModel.swift; sourceTree = "<group>"; };
		8B1751532B037E3A00C5028D /* AppCoordinator.swift */ = {isa = PBXFileReference; fileEncoding = 4; lastKnownFileType = sourcecode.swift; path = AppCoordinator.swift; sourceTree = "<group>"; };
		8B17515C2B037E7400C5028D /* MainCoordinator.swift */ = {isa = PBXFileReference; lastKnownFileType = sourcecode.swift; path = MainCoordinator.swift; sourceTree = "<group>"; };
		8B17515D2B037E7400C5028D /* MainCoordinatorViewModel.swift */ = {isa = PBXFileReference; lastKnownFileType = sourcecode.swift; path = MainCoordinatorViewModel.swift; sourceTree = "<group>"; };
		8B1751622B037F4800C5028D /* LoggerExtension.swift */ = {isa = PBXFileReference; fileEncoding = 4; lastKnownFileType = sourcecode.swift; path = LoggerExtension.swift; sourceTree = "<group>"; };
		8B17516D2B03869200C5028D /* UserInputViewProvider.swift */ = {isa = PBXFileReference; fileEncoding = 4; lastKnownFileType = sourcecode.swift; path = UserInputViewProvider.swift; sourceTree = "<group>"; };
		8B1751702B03883B00C5028D /* UserDataType.swift */ = {isa = PBXFileReference; lastKnownFileType = sourcecode.swift; path = UserDataType.swift; sourceTree = "<group>"; };
		8B1751772B03890000C5028D /* DateInputView.swift */ = {isa = PBXFileReference; fileEncoding = 4; lastKnownFileType = sourcecode.swift; path = DateInputView.swift; sourceTree = "<group>"; };
		8B1751792B03890A00C5028D /* IntegerInputView.swift */ = {isa = PBXFileReference; fileEncoding = 4; lastKnownFileType = sourcecode.swift; path = IntegerInputView.swift; sourceTree = "<group>"; };
		8B17517A2B03890A00C5028D /* StringInputView.swift */ = {isa = PBXFileReference; fileEncoding = 4; lastKnownFileType = sourcecode.swift; path = StringInputView.swift; sourceTree = "<group>"; };
		8B17517D2B038BB100C5028D /* UserConfig.swift */ = {isa = PBXFileReference; lastKnownFileType = sourcecode.swift; path = UserConfig.swift; sourceTree = "<group>"; };
		8B17517F2B03ADEF00C5028D /* NumberFormatterExtension.swift */ = {isa = PBXFileReference; lastKnownFileType = sourcecode.swift; path = NumberFormatterExtension.swift; sourceTree = "<group>"; };
		8B1751812B03AF4E00C5028D /* UserInfo.swift */ = {isa = PBXFileReference; lastKnownFileType = sourcecode.swift; path = UserInfo.swift; sourceTree = "<group>"; };
		8B1751862B03BF2900C5028D /* Validator.swift */ = {isa = PBXFileReference; fileEncoding = 4; lastKnownFileType = sourcecode.swift; path = Validator.swift; sourceTree = "<group>"; };
		8B1751882B03BF4C00C5028D /* NSPredicateExtension.swift */ = {isa = PBXFileReference; lastKnownFileType = sourcecode.swift; path = NSPredicateExtension.swift; sourceTree = "<group>"; };
		8B17518C2B04CEAB00C5028D /* ValidationMessageView.swift */ = {isa = PBXFileReference; fileEncoding = 4; lastKnownFileType = sourcecode.swift; path = ValidationMessageView.swift; sourceTree = "<group>"; };
		8B1751912B04ECCD00C5028D /* InputTextfieldModifier.swift */ = {isa = PBXFileReference; fileEncoding = 4; lastKnownFileType = sourcecode.swift; path = InputTextfieldModifier.swift; sourceTree = "<group>"; };
		8B1751962B04ED7B00C5028D /* WelcomeView.swift */ = {isa = PBXFileReference; lastKnownFileType = sourcecode.swift; path = WelcomeView.swift; sourceTree = "<group>"; };
		8B1751972B04ED7B00C5028D /* WelcomeViewModel.swift */ = {isa = PBXFileReference; lastKnownFileType = sourcecode.swift; path = WelcomeViewModel.swift; sourceTree = "<group>"; };
/* End PBXFileReference section */

/* Begin PBXFrameworksBuildPhase section */
		8B17510F2B0377F200C5028D /* Frameworks */ = {
			isa = PBXFrameworksBuildPhase;
			buildActionMask = 2147483647;
			files = (
			);
			runOnlyForDeploymentPostprocessing = 0;
		};
		8B17511F2B0377F300C5028D /* Frameworks */ = {
			isa = PBXFrameworksBuildPhase;
			buildActionMask = 2147483647;
			files = (
			);
			runOnlyForDeploymentPostprocessing = 0;
		};
		8B1751292B0377F300C5028D /* Frameworks */ = {
			isa = PBXFrameworksBuildPhase;
			buildActionMask = 2147483647;
			files = (
			);
			runOnlyForDeploymentPostprocessing = 0;
		};
/* End PBXFrameworksBuildPhase section */

/* Begin PBXGroup section */
		8B1751092B0377F200C5028D = {
			isa = PBXGroup;
			children = (
				8B1751142B0377F200C5028D /* Validator */,
				8B1751472B037C8C00C5028D /* ValidatorAppDependencies.swift */,
				8B1751252B0377F300C5028D /* ValidatorTests */,
				8B17512F2B0377F300C5028D /* ValidatorUITests */,
				8B1751132B0377F200C5028D /* Products */,
			);
			sourceTree = "<group>";
		};
		8B1751132B0377F200C5028D /* Products */ = {
			isa = PBXGroup;
			children = (
				8B1751122B0377F200C5028D /* Validator.app */,
				8B1751222B0377F300C5028D /* ValidatorTests.xctest */,
				8B17512C2B0377F300C5028D /* ValidatorUITests.xctest */,
			);
			name = Products;
			sourceTree = "<group>";
		};
		8B1751142B0377F200C5028D /* Validator */ = {
			isa = PBXGroup;
			children = (
				8B1751152B0377F200C5028D /* ValidatorApp.swift */,
				8B1751192B0377F300C5028D /* Assets.xcassets */,
				8B1751602B037F3A00C5028D /* Common */,
				8B1751642B037F5D00C5028D /* Modules */,
				8B17511B2B0377F300C5028D /* Preview Content */,
			);
			path = Validator;
			sourceTree = "<group>";
		};
		8B17511B2B0377F300C5028D /* Preview Content */ = {
			isa = PBXGroup;
			children = (
				8B17511C2B0377F300C5028D /* Preview Assets.xcassets */,
			);
			path = "Preview Content";
			sourceTree = "<group>";
		};
		8B1751252B0377F300C5028D /* ValidatorTests */ = {
			isa = PBXGroup;
			children = (
				8B1751262B0377F300C5028D /* ValidatorTests.swift */,
			);
			path = ValidatorTests;
			sourceTree = "<group>";
		};
		8B17512F2B0377F300C5028D /* ValidatorUITests */ = {
			isa = PBXGroup;
			children = (
				8B1751302B0377F300C5028D /* ValidatorUITests.swift */,
				8B1751322B0377F300C5028D /* ValidatorUITestsLaunchTests.swift */,
			);
			path = ValidatorUITests;
			sourceTree = "<group>";
		};
		8B17514E2B037D1900C5028D /* User Info View */ = {
			isa = PBXGroup;
			children = (
				8B17516D2B03869200C5028D /* UserInputViewProvider.swift */,
				8B1751432B037C2700C5028D /* UserInfoView.swift */,
				8B1751442B037C2700C5028D /* UserInfoViewModel.swift */,
			);
			path = "User Info View";
			sourceTree = "<group>";
		};
		8B1751602B037F3A00C5028D /* Common */ = {
			isa = PBXGroup;
			children = (
				8B17516F2B03883200C5028D /* Models */,
				8B1751662B0383B000C5028D /* Views */,
				8B1751612B037F3D00C5028D /* Extensions */,
				8B1751852B03BF1E00C5028D /* Services */,
			);
			path = Common;
			sourceTree = "<group>";
		};
		8B1751612B037F3D00C5028D /* Extensions */ = {
			isa = PBXGroup;
			children = (
				8B1751622B037F4800C5028D /* LoggerExtension.swift */,
				8B17517F2B03ADEF00C5028D /* NumberFormatterExtension.swift */,
				8B1751882B03BF4C00C5028D /* NSPredicateExtension.swift */,
			);
			path = Extensions;
			sourceTree = "<group>";
		};
		8B1751642B037F5D00C5028D /* Modules */ = {
			isa = PBXGroup;
			children = (
				8B1751652B037F9C00C5028D /* Main */,
				8B1751532B037E3A00C5028D /* AppCoordinator.swift */,
				8B1751512B037E3A00C5028D /* AppCoordinatorNavigation.swift */,
				8B1751522B037E3A00C5028D /* AppCoordinatorViewModel.swift */,
			);
			path = Modules;
			sourceTree = "<group>";
		};
		8B1751652B037F9C00C5028D /* Main */ = {
			isa = PBXGroup;
			children = (
				8B17514E2B037D1900C5028D /* User Info View */,
				8B1751942B04ED5C00C5028D /* Welcome Screen */,
				8B17515C2B037E7400C5028D /* MainCoordinator.swift */,
				8B17515D2B037E7400C5028D /* MainCoordinatorViewModel.swift */,
			);
			path = Main;
			sourceTree = "<group>";
		};
		8B1751662B0383B000C5028D /* Views */ = {
			isa = PBXGroup;
			children = (
				8B1751722B0388D200C5028D /* UserInputViews */,
				8B17518C2B04CEAB00C5028D /* ValidationMessageView.swift */,
			);
			path = Views;
			sourceTree = "<group>";
		};
		8B17516F2B03883200C5028D /* Models */ = {
			isa = PBXGroup;
			children = (
				8B1751702B03883B00C5028D /* UserDataType.swift */,
				8B17517D2B038BB100C5028D /* UserConfig.swift */,
				8B1751812B03AF4E00C5028D /* UserInfo.swift */,
			);
			path = Models;
			sourceTree = "<group>";
		};
		8B1751722B0388D200C5028D /* UserInputViews */ = {
			isa = PBXGroup;
			children = (
				8B1751932B04ED3D00C5028D /* Input TextField Modifier */,
				8B1751772B03890000C5028D /* DateInputView.swift */,
				8B1751792B03890A00C5028D /* IntegerInputView.swift */,
				8B17517A2B03890A00C5028D /* StringInputView.swift */,
			);
			path = UserInputViews;
			sourceTree = "<group>";
		};
		8B1751852B03BF1E00C5028D /* Services */ = {
			isa = PBXGroup;
			children = (
				8B1751862B03BF2900C5028D /* Validator.swift */,
			);
			path = Services;
			sourceTree = "<group>";
		};
		8B1751932B04ED3D00C5028D /* Input TextField Modifier */ = {
			isa = PBXGroup;
			children = (
				8B1751912B04ECCD00C5028D /* InputTextfieldModifier.swift */,
			);
			path = "Input TextField Modifier";
			sourceTree = "<group>";
		};
		8B1751942B04ED5C00C5028D /* Welcome Screen */ = {
			isa = PBXGroup;
			children = (
				8B1751962B04ED7B00C5028D /* WelcomeView.swift */,
				8B1751972B04ED7B00C5028D /* WelcomeViewModel.swift */,
			);
			path = "Welcome Screen";
			sourceTree = "<group>";
		};
/* End PBXGroup section */

/* Begin PBXNativeTarget section */
		8B1751112B0377F200C5028D /* Validator */ = {
			isa = PBXNativeTarget;
			buildConfigurationList = 8B1751362B0377F300C5028D /* Build configuration list for PBXNativeTarget "Validator" */;
			buildPhases = (
				8B17510E2B0377F200C5028D /* Sources */,
				8B17510F2B0377F200C5028D /* Frameworks */,
				8B1751102B0377F200C5028D /* Resources */,
			);
			buildRules = (
			);
			dependencies = (
			);
			name = Validator;
			productName = Validator;
			productReference = 8B1751122B0377F200C5028D /* Validator.app */;
			productType = "com.apple.product-type.application";
		};
		8B1751212B0377F300C5028D /* ValidatorTests */ = {
			isa = PBXNativeTarget;
			buildConfigurationList = 8B1751392B0377F300C5028D /* Build configuration list for PBXNativeTarget "ValidatorTests" */;
			buildPhases = (
				8B17511E2B0377F300C5028D /* Sources */,
				8B17511F2B0377F300C5028D /* Frameworks */,
				8B1751202B0377F300C5028D /* Resources */,
			);
			buildRules = (
			);
			dependencies = (
				8B1751242B0377F300C5028D /* PBXTargetDependency */,
			);
			name = ValidatorTests;
			productName = ValidatorTests;
			productReference = 8B1751222B0377F300C5028D /* ValidatorTests.xctest */;
			productType = "com.apple.product-type.bundle.unit-test";
		};
		8B17512B2B0377F300C5028D /* ValidatorUITests */ = {
			isa = PBXNativeTarget;
			buildConfigurationList = 8B17513C2B0377F300C5028D /* Build configuration list for PBXNativeTarget "ValidatorUITests" */;
			buildPhases = (
				8B1751282B0377F300C5028D /* Sources */,
				8B1751292B0377F300C5028D /* Frameworks */,
				8B17512A2B0377F300C5028D /* Resources */,
			);
			buildRules = (
			);
			dependencies = (
				8B17512E2B0377F300C5028D /* PBXTargetDependency */,
			);
			name = ValidatorUITests;
			productName = ValidatorUITests;
			productReference = 8B17512C2B0377F300C5028D /* ValidatorUITests.xctest */;
			productType = "com.apple.product-type.bundle.ui-testing";
		};
/* End PBXNativeTarget section */

/* Begin PBXProject section */
		8B17510A2B0377F200C5028D /* Project object */ = {
			isa = PBXProject;
			attributes = {
				BuildIndependentTargetsInParallel = 1;
				LastSwiftUpdateCheck = 1500;
				LastUpgradeCheck = 1500;
				TargetAttributes = {
					8B1751112B0377F200C5028D = {
						CreatedOnToolsVersion = 15.0.1;
					};
					8B1751212B0377F300C5028D = {
						CreatedOnToolsVersion = 15.0.1;
						TestTargetID = 8B1751112B0377F200C5028D;
					};
					8B17512B2B0377F300C5028D = {
						CreatedOnToolsVersion = 15.0.1;
						TestTargetID = 8B1751112B0377F200C5028D;
					};
				};
			};
			buildConfigurationList = 8B17510D2B0377F200C5028D /* Build configuration list for PBXProject "Validator" */;
			compatibilityVersion = "Xcode 14.0";
			developmentRegion = en;
			hasScannedForEncodings = 0;
			knownRegions = (
				en,
				Base,
			);
			mainGroup = 8B1751092B0377F200C5028D;
			productRefGroup = 8B1751132B0377F200C5028D /* Products */;
			projectDirPath = "";
			projectRoot = "";
			targets = (
				8B1751112B0377F200C5028D /* Validator */,
				8B1751212B0377F300C5028D /* ValidatorTests */,
				8B17512B2B0377F300C5028D /* ValidatorUITests */,
			);
		};
/* End PBXProject section */

/* Begin PBXResourcesBuildPhase section */
		8B1751102B0377F200C5028D /* Resources */ = {
			isa = PBXResourcesBuildPhase;
			buildActionMask = 2147483647;
			files = (
				8B17511D2B0377F300C5028D /* Preview Assets.xcassets in Resources */,
				8B17511A2B0377F300C5028D /* Assets.xcassets in Resources */,
			);
			runOnlyForDeploymentPostprocessing = 0;
		};
		8B1751202B0377F300C5028D /* Resources */ = {
			isa = PBXResourcesBuildPhase;
			buildActionMask = 2147483647;
			files = (
			);
			runOnlyForDeploymentPostprocessing = 0;
		};
		8B17512A2B0377F300C5028D /* Resources */ = {
			isa = PBXResourcesBuildPhase;
			buildActionMask = 2147483647;
			files = (
			);
			runOnlyForDeploymentPostprocessing = 0;
		};
/* End PBXResourcesBuildPhase section */

/* Begin PBXSourcesBuildPhase section */
		8B17510E2B0377F200C5028D /* Sources */ = {
			isa = PBXSourcesBuildPhase;
			buildActionMask = 2147483647;
			files = (
				8B1751162B0377F200C5028D /* ValidatorApp.swift in Sources */,
				8B1751992B04ED7B00C5028D /* WelcomeViewModel.swift in Sources */,
				8B1751712B03883B00C5028D /* UserDataType.swift in Sources */,
				8B1751632B037F4800C5028D /* LoggerExtension.swift in Sources */,
				8B17517E2B038BB100C5028D /* UserConfig.swift in Sources */,
				8B17518D2B04CEAB00C5028D /* ValidationMessageView.swift in Sources */,
				8B1751892B03BF4C00C5028D /* NSPredicateExtension.swift in Sources */,
				8B17515E2B037E7400C5028D /* MainCoordinator.swift in Sources */,
				8B1751452B037C2700C5028D /* UserInfoView.swift in Sources */,
				8B1751782B03890000C5028D /* DateInputView.swift in Sources */,
				8B1751822B03AF4E00C5028D /* UserInfo.swift in Sources */,
				8B1751982B04ED7B00C5028D /* WelcomeView.swift in Sources */,
				8B17515F2B037E7400C5028D /* MainCoordinatorViewModel.swift in Sources */,
				8B1751482B037C8C00C5028D /* ValidatorAppDependencies.swift in Sources */,
				8B1751552B037E3A00C5028D /* AppCoordinatorViewModel.swift in Sources */,
				8B17517C2B03890A00C5028D /* StringInputView.swift in Sources */,
				8B1751872B03BF2900C5028D /* Validator.swift in Sources */,
				8B17517B2B03890A00C5028D /* IntegerInputView.swift in Sources */,
				8B1751462B037C2700C5028D /* UserInfoViewModel.swift in Sources */,
				8B1751922B04ECCD00C5028D /* InputTextfieldModifier.swift in Sources */,
				8B1751542B037E3A00C5028D /* AppCoordinatorNavigation.swift in Sources */,
				8B1751802B03ADEF00C5028D /* NumberFormatterExtension.swift in Sources */,
				8B1751562B037E3A00C5028D /* AppCoordinator.swift in Sources */,
				8B17516E2B03869200C5028D /* UserInputViewProvider.swift in Sources */,
			);
			runOnlyForDeploymentPostprocessing = 0;
		};
		8B17511E2B0377F300C5028D /* Sources */ = {
			isa = PBXSourcesBuildPhase;
			buildActionMask = 2147483647;
			files = (
				8B1751272B0377F300C5028D /* ValidatorTests.swift in Sources */,
			);
			runOnlyForDeploymentPostprocessing = 0;
		};
		8B1751282B0377F300C5028D /* Sources */ = {
			isa = PBXSourcesBuildPhase;
			buildActionMask = 2147483647;
			files = (
				8B1751312B0377F300C5028D /* ValidatorUITests.swift in Sources */,
				8B1751332B0377F300C5028D /* ValidatorUITestsLaunchTests.swift in Sources */,
			);
			runOnlyForDeploymentPostprocessing = 0;
		};
/* End PBXSourcesBuildPhase section */

/* Begin PBXTargetDependency section */
		8B1751242B0377F300C5028D /* PBXTargetDependency */ = {
			isa = PBXTargetDependency;
			target = 8B1751112B0377F200C5028D /* Validator */;
			targetProxy = 8B1751232B0377F300C5028D /* PBXContainerItemProxy */;
		};
		8B17512E2B0377F300C5028D /* PBXTargetDependency */ = {
			isa = PBXTargetDependency;
			target = 8B1751112B0377F200C5028D /* Validator */;
			targetProxy = 8B17512D2B0377F300C5028D /* PBXContainerItemProxy */;
		};
/* End PBXTargetDependency section */

/* Begin XCBuildConfiguration section */
		8B1751342B0377F300C5028D /* Debug */ = {
			isa = XCBuildConfiguration;
			buildSettings = {
				ALWAYS_SEARCH_USER_PATHS = NO;
				ASSETCATALOG_COMPILER_GENERATE_SWIFT_ASSET_SYMBOL_EXTENSIONS = YES;
				CLANG_ANALYZER_NONNULL = YES;
				CLANG_ANALYZER_NUMBER_OBJECT_CONVERSION = YES_AGGRESSIVE;
				CLANG_CXX_LANGUAGE_STANDARD = "gnu++20";
				CLANG_ENABLE_MODULES = YES;
				CLANG_ENABLE_OBJC_ARC = YES;
				CLANG_ENABLE_OBJC_WEAK = YES;
				CLANG_WARN_BLOCK_CAPTURE_AUTORELEASING = YES;
				CLANG_WARN_BOOL_CONVERSION = YES;
				CLANG_WARN_COMMA = YES;
				CLANG_WARN_CONSTANT_CONVERSION = YES;
				CLANG_WARN_DEPRECATED_OBJC_IMPLEMENTATIONS = YES;
				CLANG_WARN_DIRECT_OBJC_ISA_USAGE = YES_ERROR;
				CLANG_WARN_DOCUMENTATION_COMMENTS = YES;
				CLANG_WARN_EMPTY_BODY = YES;
				CLANG_WARN_ENUM_CONVERSION = YES;
				CLANG_WARN_INFINITE_RECURSION = YES;
				CLANG_WARN_INT_CONVERSION = YES;
				CLANG_WARN_NON_LITERAL_NULL_CONVERSION = YES;
				CLANG_WARN_OBJC_IMPLICIT_RETAIN_SELF = YES;
				CLANG_WARN_OBJC_LITERAL_CONVERSION = YES;
				CLANG_WARN_OBJC_ROOT_CLASS = YES_ERROR;
				CLANG_WARN_QUOTED_INCLUDE_IN_FRAMEWORK_HEADER = YES;
				CLANG_WARN_RANGE_LOOP_ANALYSIS = YES;
				CLANG_WARN_STRICT_PROTOTYPES = YES;
				CLANG_WARN_SUSPICIOUS_MOVE = YES;
				CLANG_WARN_UNGUARDED_AVAILABILITY = YES_AGGRESSIVE;
				CLANG_WARN_UNREACHABLE_CODE = YES;
				CLANG_WARN__DUPLICATE_METHOD_MATCH = YES;
				COPY_PHASE_STRIP = NO;
				DEBUG_INFORMATION_FORMAT = dwarf;
				ENABLE_STRICT_OBJC_MSGSEND = YES;
				ENABLE_TESTABILITY = YES;
				ENABLE_USER_SCRIPT_SANDBOXING = YES;
				GCC_C_LANGUAGE_STANDARD = gnu17;
				GCC_DYNAMIC_NO_PIC = NO;
				GCC_NO_COMMON_BLOCKS = YES;
				GCC_OPTIMIZATION_LEVEL = 0;
				GCC_PREPROCESSOR_DEFINITIONS = (
					"DEBUG=1",
					"$(inherited)",
				);
				GCC_WARN_64_TO_32_BIT_CONVERSION = YES;
				GCC_WARN_ABOUT_RETURN_TYPE = YES_ERROR;
				GCC_WARN_UNDECLARED_SELECTOR = YES;
				GCC_WARN_UNINITIALIZED_AUTOS = YES_AGGRESSIVE;
				GCC_WARN_UNUSED_FUNCTION = YES;
				GCC_WARN_UNUSED_VARIABLE = YES;
				IPHONEOS_DEPLOYMENT_TARGET = 17.0;
				LOCALIZATION_PREFERS_STRING_CATALOGS = YES;
				MTL_ENABLE_DEBUG_INFO = INCLUDE_SOURCE;
				MTL_FAST_MATH = YES;
				ONLY_ACTIVE_ARCH = YES;
				SDKROOT = iphoneos;
				SWIFT_ACTIVE_COMPILATION_CONDITIONS = "DEBUG $(inherited)";
				SWIFT_OPTIMIZATION_LEVEL = "-Onone";
			};
			name = Debug;
		};
		8B1751352B0377F300C5028D /* Release */ = {
			isa = XCBuildConfiguration;
			buildSettings = {
				ALWAYS_SEARCH_USER_PATHS = NO;
				ASSETCATALOG_COMPILER_GENERATE_SWIFT_ASSET_SYMBOL_EXTENSIONS = YES;
				CLANG_ANALYZER_NONNULL = YES;
				CLANG_ANALYZER_NUMBER_OBJECT_CONVERSION = YES_AGGRESSIVE;
				CLANG_CXX_LANGUAGE_STANDARD = "gnu++20";
				CLANG_ENABLE_MODULES = YES;
				CLANG_ENABLE_OBJC_ARC = YES;
				CLANG_ENABLE_OBJC_WEAK = YES;
				CLANG_WARN_BLOCK_CAPTURE_AUTORELEASING = YES;
				CLANG_WARN_BOOL_CONVERSION = YES;
				CLANG_WARN_COMMA = YES;
				CLANG_WARN_CONSTANT_CONVERSION = YES;
				CLANG_WARN_DEPRECATED_OBJC_IMPLEMENTATIONS = YES;
				CLANG_WARN_DIRECT_OBJC_ISA_USAGE = YES_ERROR;
				CLANG_WARN_DOCUMENTATION_COMMENTS = YES;
				CLANG_WARN_EMPTY_BODY = YES;
				CLANG_WARN_ENUM_CONVERSION = YES;
				CLANG_WARN_INFINITE_RECURSION = YES;
				CLANG_WARN_INT_CONVERSION = YES;
				CLANG_WARN_NON_LITERAL_NULL_CONVERSION = YES;
				CLANG_WARN_OBJC_IMPLICIT_RETAIN_SELF = YES;
				CLANG_WARN_OBJC_LITERAL_CONVERSION = YES;
				CLANG_WARN_OBJC_ROOT_CLASS = YES_ERROR;
				CLANG_WARN_QUOTED_INCLUDE_IN_FRAMEWORK_HEADER = YES;
				CLANG_WARN_RANGE_LOOP_ANALYSIS = YES;
				CLANG_WARN_STRICT_PROTOTYPES = YES;
				CLANG_WARN_SUSPICIOUS_MOVE = YES;
				CLANG_WARN_UNGUARDED_AVAILABILITY = YES_AGGRESSIVE;
				CLANG_WARN_UNREACHABLE_CODE = YES;
				CLANG_WARN__DUPLICATE_METHOD_MATCH = YES;
				COPY_PHASE_STRIP = NO;
				DEBUG_INFORMATION_FORMAT = "dwarf-with-dsym";
				ENABLE_NS_ASSERTIONS = NO;
				ENABLE_STRICT_OBJC_MSGSEND = YES;
				ENABLE_USER_SCRIPT_SANDBOXING = YES;
				GCC_C_LANGUAGE_STANDARD = gnu17;
				GCC_NO_COMMON_BLOCKS = YES;
				GCC_WARN_64_TO_32_BIT_CONVERSION = YES;
				GCC_WARN_ABOUT_RETURN_TYPE = YES_ERROR;
				GCC_WARN_UNDECLARED_SELECTOR = YES;
				GCC_WARN_UNINITIALIZED_AUTOS = YES_AGGRESSIVE;
				GCC_WARN_UNUSED_FUNCTION = YES;
				GCC_WARN_UNUSED_VARIABLE = YES;
				IPHONEOS_DEPLOYMENT_TARGET = 17.0;
				LOCALIZATION_PREFERS_STRING_CATALOGS = YES;
				MTL_ENABLE_DEBUG_INFO = NO;
				MTL_FAST_MATH = YES;
				SDKROOT = iphoneos;
				SWIFT_COMPILATION_MODE = wholemodule;
				VALIDATE_PRODUCT = YES;
			};
			name = Release;
		};
		8B1751372B0377F300C5028D /* Debug */ = {
			isa = XCBuildConfiguration;
			buildSettings = {
				ASSETCATALOG_COMPILER_APPICON_NAME = AppIcon;
				ASSETCATALOG_COMPILER_GLOBAL_ACCENT_COLOR_NAME = AccentColor;
				CODE_SIGN_STYLE = Automatic;
				CURRENT_PROJECT_VERSION = 1;
				DEVELOPMENT_ASSET_PATHS = "\"Validator/Preview Content\"";
				DEVELOPMENT_TEAM = 837YZH6K58;
				ENABLE_PREVIEWS = YES;
				GENERATE_INFOPLIST_FILE = YES;
				INFOPLIST_KEY_UIApplicationSceneManifest_Generation = YES;
				INFOPLIST_KEY_UIApplicationSupportsIndirectInputEvents = YES;
				INFOPLIST_KEY_UILaunchScreen_Generation = YES;
				INFOPLIST_KEY_UISupportedInterfaceOrientations_iPad = "UIInterfaceOrientationPortrait UIInterfaceOrientationPortraitUpsideDown UIInterfaceOrientationLandscapeLeft UIInterfaceOrientationLandscapeRight";
				INFOPLIST_KEY_UISupportedInterfaceOrientations_iPhone = "UIInterfaceOrientationPortrait UIInterfaceOrientationLandscapeLeft UIInterfaceOrientationLandscapeRight";
				LD_RUNPATH_SEARCH_PATHS = (
					"$(inherited)",
					"@executable_path/Frameworks",
				);
				MARKETING_VERSION = 1.0;
				PRODUCT_BUNDLE_IDENTIFIER = com.rafalwojtus.Validator;
				PRODUCT_NAME = "$(TARGET_NAME)";
				SWIFT_EMIT_LOC_STRINGS = YES;
				SWIFT_VERSION = 5.0;
				TARGETED_DEVICE_FAMILY = "1,2";
			};
			name = Debug;
		};
		8B1751382B0377F300C5028D /* Release */ = {
			isa = XCBuildConfiguration;
			buildSettings = {
				ASSETCATALOG_COMPILER_APPICON_NAME = AppIcon;
				ASSETCATALOG_COMPILER_GLOBAL_ACCENT_COLOR_NAME = AccentColor;
				CODE_SIGN_STYLE = Automatic;
				CURRENT_PROJECT_VERSION = 1;
				DEVELOPMENT_ASSET_PATHS = "\"Validator/Preview Content\"";
				DEVELOPMENT_TEAM = 837YZH6K58;
				ENABLE_PREVIEWS = YES;
				GENERATE_INFOPLIST_FILE = YES;
				INFOPLIST_KEY_UIApplicationSceneManifest_Generation = YES;
				INFOPLIST_KEY_UIApplicationSupportsIndirectInputEvents = YES;
				INFOPLIST_KEY_UILaunchScreen_Generation = YES;
				INFOPLIST_KEY_UISupportedInterfaceOrientations_iPad = "UIInterfaceOrientationPortrait UIInterfaceOrientationPortraitUpsideDown UIInterfaceOrientationLandscapeLeft UIInterfaceOrientationLandscapeRight";
				INFOPLIST_KEY_UISupportedInterfaceOrientations_iPhone = "UIInterfaceOrientationPortrait UIInterfaceOrientationLandscapeLeft UIInterfaceOrientationLandscapeRight";
				LD_RUNPATH_SEARCH_PATHS = (
					"$(inherited)",
					"@executable_path/Frameworks",
				);
				MARKETING_VERSION = 1.0;
				PRODUCT_BUNDLE_IDENTIFIER = com.rafalwojtus.Validator;
				PRODUCT_NAME = "$(TARGET_NAME)";
				SWIFT_EMIT_LOC_STRINGS = YES;
				SWIFT_VERSION = 5.0;
				TARGETED_DEVICE_FAMILY = "1,2";
			};
			name = Release;
		};
		8B17513A2B0377F300C5028D /* Debug */ = {
			isa = XCBuildConfiguration;
			buildSettings = {
				ALWAYS_EMBED_SWIFT_STANDARD_LIBRARIES = YES;
				BUNDLE_LOADER = "$(TEST_HOST)";
				CODE_SIGN_STYLE = Automatic;
				CURRENT_PROJECT_VERSION = 1;
				DEVELOPMENT_TEAM = 837YZH6K58;
				GENERATE_INFOPLIST_FILE = YES;
				IPHONEOS_DEPLOYMENT_TARGET = 17.0;
				MARKETING_VERSION = 1.0;
				PRODUCT_BUNDLE_IDENTIFIER = com.rafalwojtus.ValidatorTests;
				PRODUCT_NAME = "$(TARGET_NAME)";
				SWIFT_EMIT_LOC_STRINGS = NO;
				SWIFT_VERSION = 5.0;
				TARGETED_DEVICE_FAMILY = "1,2";
				TEST_HOST = "$(BUILT_PRODUCTS_DIR)/Validator.app/$(BUNDLE_EXECUTABLE_FOLDER_PATH)/Validator";
			};
			name = Debug;
		};
		8B17513B2B0377F300C5028D /* Release */ = {
			isa = XCBuildConfiguration;
			buildSettings = {
				ALWAYS_EMBED_SWIFT_STANDARD_LIBRARIES = YES;
				BUNDLE_LOADER = "$(TEST_HOST)";
				CODE_SIGN_STYLE = Automatic;
				CURRENT_PROJECT_VERSION = 1;
				DEVELOPMENT_TEAM = 837YZH6K58;
				GENERATE_INFOPLIST_FILE = YES;
				IPHONEOS_DEPLOYMENT_TARGET = 17.0;
				MARKETING_VERSION = 1.0;
				PRODUCT_BUNDLE_IDENTIFIER = com.rafalwojtus.ValidatorTests;
				PRODUCT_NAME = "$(TARGET_NAME)";
				SWIFT_EMIT_LOC_STRINGS = NO;
				SWIFT_VERSION = 5.0;
				TARGETED_DEVICE_FAMILY = "1,2";
				TEST_HOST = "$(BUILT_PRODUCTS_DIR)/Validator.app/$(BUNDLE_EXECUTABLE_FOLDER_PATH)/Validator";
			};
			name = Release;
		};
		8B17513D2B0377F300C5028D /* Debug */ = {
			isa = XCBuildConfiguration;
			buildSettings = {
				ALWAYS_EMBED_SWIFT_STANDARD_LIBRARIES = YES;
				CODE_SIGN_STYLE = Automatic;
				CURRENT_PROJECT_VERSION = 1;
				DEVELOPMENT_TEAM = 837YZH6K58;
				GENERATE_INFOPLIST_FILE = YES;
				MARKETING_VERSION = 1.0;
				PRODUCT_BUNDLE_IDENTIFIER = com.rafalwojtus.ValidatorUITests;
				PRODUCT_NAME = "$(TARGET_NAME)";
				SWIFT_EMIT_LOC_STRINGS = NO;
				SWIFT_VERSION = 5.0;
				TARGETED_DEVICE_FAMILY = "1,2";
				TEST_TARGET_NAME = Validator;
			};
			name = Debug;
		};
		8B17513E2B0377F300C5028D /* Release */ = {
			isa = XCBuildConfiguration;
			buildSettings = {
				ALWAYS_EMBED_SWIFT_STANDARD_LIBRARIES = YES;
				CODE_SIGN_STYLE = Automatic;
				CURRENT_PROJECT_VERSION = 1;
				DEVELOPMENT_TEAM = 837YZH6K58;
				GENERATE_INFOPLIST_FILE = YES;
				MARKETING_VERSION = 1.0;
				PRODUCT_BUNDLE_IDENTIFIER = com.rafalwojtus.ValidatorUITests;
				PRODUCT_NAME = "$(TARGET_NAME)";
				SWIFT_EMIT_LOC_STRINGS = NO;
				SWIFT_VERSION = 5.0;
				TARGETED_DEVICE_FAMILY = "1,2";
				TEST_TARGET_NAME = Validator;
			};
			name = Release;
		};
/* End XCBuildConfiguration section */

/* Begin XCConfigurationList section */
		8B17510D2B0377F200C5028D /* Build configuration list for PBXProject "Validator" */ = {
			isa = XCConfigurationList;
			buildConfigurations = (
				8B1751342B0377F300C5028D /* Debug */,
				8B1751352B0377F300C5028D /* Release */,
			);
			defaultConfigurationIsVisible = 0;
			defaultConfigurationName = Release;
		};
		8B1751362B0377F300C5028D /* Build configuration list for PBXNativeTarget "Validator" */ = {
			isa = XCConfigurationList;
			buildConfigurations = (
				8B1751372B0377F300C5028D /* Debug */,
				8B1751382B0377F300C5028D /* Release */,
			);
			defaultConfigurationIsVisible = 0;
			defaultConfigurationName = Release;
		};
		8B1751392B0377F300C5028D /* Build configuration list for PBXNativeTarget "ValidatorTests" */ = {
			isa = XCConfigurationList;
			buildConfigurations = (
				8B17513A2B0377F300C5028D /* Debug */,
				8B17513B2B0377F300C5028D /* Release */,
			);
			defaultConfigurationIsVisible = 0;
			defaultConfigurationName = Release;
		};
		8B17513C2B0377F300C5028D /* Build configuration list for PBXNativeTarget "ValidatorUITests" */ = {
			isa = XCConfigurationList;
			buildConfigurations = (
				8B17513D2B0377F300C5028D /* Debug */,
				8B17513E2B0377F300C5028D /* Release */,
			);
			defaultConfigurationIsVisible = 0;
			defaultConfigurationName = Release;
		};
/* End XCConfigurationList section */
	};
	rootObject = 8B17510A2B0377F200C5028D /* Project object */;
}
